// !$*UTF8*$!
{
	archiveVersion = 1;
	classes = {
	};
	objectVersion = 56;
	objects = {

/* Begin PBXBuildFile section */
		540581352B3F54E90068B6F0 /* Discount Code.swift in Sources */ = {isa = PBXBuildFile; fileRef = 540581342B3F54E90068B6F0 /* Discount Code.swift */; };
		540581372B3F5EF60068B6F0 /* BusLabel.swift in Sources */ = {isa = PBXBuildFile; fileRef = 540581362B3F5EF60068B6F0 /* BusLabel.swift */; };
		540FF2F22B55A5A3000372CD /* SavedTripModel.xcdatamodeld in Sources */ = {isa = PBXBuildFile; fileRef = 540FF2F02B55A5A3000372CD /* SavedTripModel.xcdatamodeld */; };
		540FF2F42B55A647000372CD /* DataController.swift in Sources */ = {isa = PBXBuildFile; fileRef = 540FF2F32B55A647000372CD /* DataController.swift */; };
		540FF2F62B55AABC000372CD /* SavedTripsView.swift in Sources */ = {isa = PBXBuildFile; fileRef = 540FF2F52B55AABC000372CD /* SavedTripsView.swift */; };
		5410BA442B536588002C9000 /* DeviceModels.json in Resources */ = {isa = PBXBuildFile; fileRef = 5410BA432B536588002C9000 /* DeviceModels.json */; };
		5410BA482B537803002C9000 /* SplashScreenView.swift in Sources */ = {isa = PBXBuildFile; fileRef = 5410BA472B537803002C9000 /* SplashScreenView.swift */; };
		5410BA4A2B537A58002C9000 /* Colors+Extension.swift in Sources */ = {isa = PBXBuildFile; fileRef = 5410BA492B537A58002C9000 /* Colors+Extension.swift */; };
		5410CA2E2B4EF2D400828BCB /* CustomSection.swift in Sources */ = {isa = PBXBuildFile; fileRef = 5410CA2D2B4EF2D400828BCB /* CustomSection.swift */; };
		543928832B10EDA400C5E609 /* TripRowView.swift in Sources */ = {isa = PBXBuildFile; fileRef = 543928822B10EDA400C5E609 /* TripRowView.swift */; };
		543928852B10EDD200C5E609 /* Trip.swift in Sources */ = {isa = PBXBuildFile; fileRef = 543928842B10EDD200C5E609 /* Trip.swift */; };
		543928872B1100B100C5E609 /* TripDetailView.swift in Sources */ = {isa = PBXBuildFile; fileRef = 543928862B1100B100C5E609 /* TripDetailView.swift */; };
		543928892B11199B00C5E609 /* MockData.swift in Sources */ = {isa = PBXBuildFile; fileRef = 543928882B11199B00C5E609 /* MockData.swift */; };
		543C59302B56EED700636520 /* SavedTripRowView.swift in Sources */ = {isa = PBXBuildFile; fileRef = 543C592F2B56EED700636520 /* SavedTripRowView.swift */; };
		544602D52BA5F576009B7CE3 /* PaymentsViewModel.swift in Sources */ = {isa = PBXBuildFile; fileRef = 544602D42BA5F576009B7CE3 /* PaymentsViewModel.swift */; };
		546F4DE52B54353D0091F0D4 /* OfflineTrips.json in Resources */ = {isa = PBXBuildFile; fileRef = 546F4DE42B54353D0091F0D4 /* OfflineTrips.json */; };
		546F4DEA2B5481AE0091F0D4 /* AnalyticsManager.swift in Sources */ = {isa = PBXBuildFile; fileRef = 546F4DE92B5481AE0091F0D4 /* AnalyticsManager.swift */; };
		547AB00F2B0FE14400F7C539 /* GetMeHomeApp.swift in Sources */ = {isa = PBXBuildFile; fileRef = 547AB00E2B0FE14400F7C539 /* GetMeHomeApp.swift */; };
		547AB0112B0FE14400F7C539 /* ContentView.swift in Sources */ = {isa = PBXBuildFile; fileRef = 547AB0102B0FE14400F7C539 /* ContentView.swift */; };
		547AB0132B0FE14500F7C539 /* Assets.xcassets in Resources */ = {isa = PBXBuildFile; fileRef = 547AB0122B0FE14500F7C539 /* Assets.xcassets */; };
		547AB0162B0FE14500F7C539 /* Preview Assets.xcassets in Resources */ = {isa = PBXBuildFile; fileRef = 547AB0152B0FE14500F7C539 /* Preview Assets.xcassets */; };
		547DB7492B50733000FF2F1C /* FirebaseAnalytics in Frameworks */ = {isa = PBXBuildFile; productRef = 547DB7482B50733000FF2F1C /* FirebaseAnalytics */; };
		547DB74B2B50733000FF2F1C /* FirebaseAnalyticsOnDeviceConversion in Frameworks */ = {isa = PBXBuildFile; productRef = 547DB74A2B50733000FF2F1C /* FirebaseAnalyticsOnDeviceConversion */; };
		547DB74D2B50733000FF2F1C /* FirebaseAnalyticsSwift in Frameworks */ = {isa = PBXBuildFile; productRef = 547DB74C2B50733000FF2F1C /* FirebaseAnalyticsSwift */; };
		547DB74F2B50733000FF2F1C /* FirebaseAnalyticsWithoutAdIdSupport in Frameworks */ = {isa = PBXBuildFile; productRef = 547DB74E2B50733000FF2F1C /* FirebaseAnalyticsWithoutAdIdSupport */; };
		547DB7552B50733000FF2F1C /* FirebaseAuth in Frameworks */ = {isa = PBXBuildFile; productRef = 547DB7542B50733000FF2F1C /* FirebaseAuth */; };
		547DB7672B50736B00FF2F1C /* GoogleService-Info.plist in Resources */ = {isa = PBXBuildFile; fileRef = 547DB7662B50736B00FF2F1C /* GoogleService-Info.plist */; };
		547DB76A2B50779800FF2F1C /* GoogleSignIn in Frameworks */ = {isa = PBXBuildFile; productRef = 547DB7692B50779800FF2F1C /* GoogleSignIn */; };
		547DB76C2B50779800FF2F1C /* GoogleSignInSwift in Frameworks */ = {isa = PBXBuildFile; productRef = 547DB76B2B50779800FF2F1C /* GoogleSignInSwift */; };
		547DB76F2B5078E800FF2F1C /* LoginView.swift in Sources */ = {isa = PBXBuildFile; fileRef = 547DB76E2B5078E800FF2F1C /* LoginView.swift */; };
		547DB7712B507A9700FF2F1C /* AuthenticationViewModel.swift in Sources */ = {isa = PBXBuildFile; fileRef = 547DB7702B507A9700FF2F1C /* AuthenticationViewModel.swift */; };
		547DB7762B50821100FF2F1C /* AuthenticationView.swift in Sources */ = {isa = PBXBuildFile; fileRef = 547DB7752B50821100FF2F1C /* AuthenticationView.swift */; };
		547DB77C2B508F3700FF2F1C /* ProfileView.swift in Sources */ = {isa = PBXBuildFile; fileRef = 547DB77B2B508F3700FF2F1C /* ProfileView.swift */; };
		547DB77F2B50915200FF2F1C /* TabBarView.swift in Sources */ = {isa = PBXBuildFile; fileRef = 547DB77E2B50915200FF2F1C /* TabBarView.swift */; };
		547DB7812B50AE5B00FF2F1C /* MapViewDetailSheet.swift in Sources */ = {isa = PBXBuildFile; fileRef = 547DB7802B50AE5B00FF2F1C /* MapViewDetailSheet.swift */; };
		548A42682B56005C001E2A77 /* FilteredSavedTripsList.swift in Sources */ = {isa = PBXBuildFile; fileRef = 548A42672B56005C001E2A77 /* FilteredSavedTripsList.swift */; };
		548A426B2B560AB8001E2A77 /* SavedTripsSortMenu.swift in Sources */ = {isa = PBXBuildFile; fileRef = 548A426A2B560AB8001E2A77 /* SavedTripsSortMenu.swift */; };
		548D3D002B12460300E9067F /* TripListView.swift in Sources */ = {isa = PBXBuildFile; fileRef = 548D3CFF2B12460300E9067F /* TripListView.swift */; };
		548D3D022B124DAC00E9067F /* LoadingView.swift in Sources */ = {isa = PBXBuildFile; fileRef = 548D3D012B124DAC00E9067F /* LoadingView.swift */; };
		54A2E9D52B52D34D00166062 /* UIDevice+Extension.swift in Sources */ = {isa = PBXBuildFile; fileRef = 54A2E9D42B52D34D00166062 /* UIDevice+Extension.swift */; };
		54A2E9D72B52D37200166062 /* Bundle+Extension.swift in Sources */ = {isa = PBXBuildFile; fileRef = 54A2E9D62B52D37200166062 /* Bundle+Extension.swift */; };
		54A2E9D92B52D39F00166062 /* Date+Extension.swift in Sources */ = {isa = PBXBuildFile; fileRef = 54A2E9D82B52D39F00166062 /* Date+Extension.swift */; };
		54A2E9DE2B52DCC300166062 /* SupportEmail.swift in Sources */ = {isa = PBXBuildFile; fileRef = 54A2E9DD2B52DCC300166062 /* SupportEmail.swift */; };
		54A2E9E02B52DF6800166062 /* MailView.swift in Sources */ = {isa = PBXBuildFile; fileRef = 54A2E9DF2B52DF6800166062 /* MailView.swift */; };
		54B0DF562B113421006263DF /* ViewModel.swift in Sources */ = {isa = PBXBuildFile; fileRef = 54B0DF552B113421006263DF /* ViewModel.swift */; };
		54B5667D2B63474D00483C67 /* TrackedTripsView.swift in Sources */ = {isa = PBXBuildFile; fileRef = 54B5667C2B63474D00483C67 /* TrackedTripsView.swift */; };
		54B617112B4C611D00657D6F /* TripSearchFilterRowView.swift in Sources */ = {isa = PBXBuildFile; fileRef = 54B617102B4C611D00657D6F /* TripSearchFilterRowView.swift */; };
		54B617152B4C7DAA00657D6F /* SearchButton.swift in Sources */ = {isa = PBXBuildFile; fileRef = 54B617142B4C7DAA00657D6F /* SearchButton.swift */; };
		54B617172B4C805A00657D6F /* DateAndLocationPickerView.swift in Sources */ = {isa = PBXBuildFile; fileRef = 54B617162B4C805A00657D6F /* DateAndLocationPickerView.swift */; };
/* End PBXBuildFile section */

/* Begin PBXFileReference section */
		540581342B3F54E90068B6F0 /* Discount Code.swift */ = {isa = PBXFileReference; lastKnownFileType = sourcecode.swift; path = "Discount Code.swift"; sourceTree = "<group>"; };
		540581362B3F5EF60068B6F0 /* BusLabel.swift */ = {isa = PBXFileReference; lastKnownFileType = sourcecode.swift; path = BusLabel.swift; sourceTree = "<group>"; };
		540FF2F12B55A5A3000372CD /* SavedTripModel.xcdatamodel */ = {isa = PBXFileReference; lastKnownFileType = wrapper.xcdatamodel; path = SavedTripModel.xcdatamodel; sourceTree = "<group>"; };
		540FF2F32B55A647000372CD /* DataController.swift */ = {isa = PBXFileReference; lastKnownFileType = sourcecode.swift; path = DataController.swift; sourceTree = "<group>"; };
		540FF2F52B55AABC000372CD /* SavedTripsView.swift */ = {isa = PBXFileReference; lastKnownFileType = sourcecode.swift; path = SavedTripsView.swift; sourceTree = "<group>"; };
		5410BA432B536588002C9000 /* DeviceModels.json */ = {isa = PBXFileReference; fileEncoding = 4; lastKnownFileType = text.json; path = DeviceModels.json; sourceTree = "<group>"; };
		5410BA472B537803002C9000 /* SplashScreenView.swift */ = {isa = PBXFileReference; lastKnownFileType = sourcecode.swift; path = SplashScreenView.swift; sourceTree = "<group>"; };
		5410BA492B537A58002C9000 /* Colors+Extension.swift */ = {isa = PBXFileReference; lastKnownFileType = sourcecode.swift; path = "Colors+Extension.swift"; sourceTree = "<group>"; };
		5410CA2D2B4EF2D400828BCB /* CustomSection.swift */ = {isa = PBXFileReference; lastKnownFileType = sourcecode.swift; path = CustomSection.swift; sourceTree = "<group>"; };
		543928822B10EDA400C5E609 /* TripRowView.swift */ = {isa = PBXFileReference; lastKnownFileType = sourcecode.swift; path = TripRowView.swift; sourceTree = "<group>"; };
		543928842B10EDD200C5E609 /* Trip.swift */ = {isa = PBXFileReference; lastKnownFileType = sourcecode.swift; path = Trip.swift; sourceTree = "<group>"; };
		543928862B1100B100C5E609 /* TripDetailView.swift */ = {isa = PBXFileReference; lastKnownFileType = sourcecode.swift; path = TripDetailView.swift; sourceTree = "<group>"; };
		543928882B11199B00C5E609 /* MockData.swift */ = {isa = PBXFileReference; lastKnownFileType = sourcecode.swift; path = MockData.swift; sourceTree = "<group>"; };
		543C592F2B56EED700636520 /* SavedTripRowView.swift */ = {isa = PBXFileReference; lastKnownFileType = sourcecode.swift; path = SavedTripRowView.swift; sourceTree = "<group>"; };
		544602D42BA5F576009B7CE3 /* PaymentsViewModel.swift */ = {isa = PBXFileReference; lastKnownFileType = sourcecode.swift; path = PaymentsViewModel.swift; sourceTree = "<group>"; };
		546F4DE42B54353D0091F0D4 /* OfflineTrips.json */ = {isa = PBXFileReference; fileEncoding = 4; lastKnownFileType = text.json; name = OfflineTrips.json; path = ../../../../OfflineTrips.json; sourceTree = "<group>"; };
		546F4DE92B5481AE0091F0D4 /* AnalyticsManager.swift */ = {isa = PBXFileReference; lastKnownFileType = sourcecode.swift; path = AnalyticsManager.swift; sourceTree = "<group>"; };
		547AB00B2B0FE14400F7C539 /* GetMeHome.app */ = {isa = PBXFileReference; explicitFileType = wrapper.application; includeInIndex = 0; path = GetMeHome.app; sourceTree = BUILT_PRODUCTS_DIR; };
		547AB00E2B0FE14400F7C539 /* GetMeHomeApp.swift */ = {isa = PBXFileReference; lastKnownFileType = sourcecode.swift; path = GetMeHomeApp.swift; sourceTree = "<group>"; };
		547AB0102B0FE14400F7C539 /* ContentView.swift */ = {isa = PBXFileReference; lastKnownFileType = sourcecode.swift; path = ContentView.swift; sourceTree = "<group>"; };
		547AB0122B0FE14500F7C539 /* Assets.xcassets */ = {isa = PBXFileReference; lastKnownFileType = folder.assetcatalog; path = Assets.xcassets; sourceTree = "<group>"; };
		547AB0152B0FE14500F7C539 /* Preview Assets.xcassets */ = {isa = PBXFileReference; lastKnownFileType = folder.assetcatalog; path = "Preview Assets.xcassets"; sourceTree = "<group>"; };
		547DB7662B50736B00FF2F1C /* GoogleService-Info.plist */ = {isa = PBXFileReference; fileEncoding = 4; lastKnownFileType = text.plist.xml; path = "GoogleService-Info.plist"; sourceTree = "<group>"; };
		547DB76D2B50786600FF2F1C /* Info.plist */ = {isa = PBXFileReference; lastKnownFileType = text.plist; path = Info.plist; sourceTree = "<group>"; };
		547DB76E2B5078E800FF2F1C /* LoginView.swift */ = {isa = PBXFileReference; lastKnownFileType = sourcecode.swift; path = LoginView.swift; sourceTree = "<group>"; };
		547DB7702B507A9700FF2F1C /* AuthenticationViewModel.swift */ = {isa = PBXFileReference; lastKnownFileType = sourcecode.swift; path = AuthenticationViewModel.swift; sourceTree = "<group>"; };
		547DB7752B50821100FF2F1C /* AuthenticationView.swift */ = {isa = PBXFileReference; lastKnownFileType = sourcecode.swift; path = AuthenticationView.swift; sourceTree = "<group>"; };
		547DB77B2B508F3700FF2F1C /* ProfileView.swift */ = {isa = PBXFileReference; fileEncoding = 4; lastKnownFileType = sourcecode.swift; path = ProfileView.swift; sourceTree = "<group>"; };
		547DB77E2B50915200FF2F1C /* TabBarView.swift */ = {isa = PBXFileReference; lastKnownFileType = sourcecode.swift; path = TabBarView.swift; sourceTree = "<group>"; };
		547DB7802B50AE5B00FF2F1C /* MapViewDetailSheet.swift */ = {isa = PBXFileReference; lastKnownFileType = sourcecode.swift; path = MapViewDetailSheet.swift; sourceTree = "<group>"; };
		548A42672B56005C001E2A77 /* FilteredSavedTripsList.swift */ = {isa = PBXFileReference; lastKnownFileType = sourcecode.swift; path = FilteredSavedTripsList.swift; sourceTree = "<group>"; };
		548A426A2B560AB8001E2A77 /* SavedTripsSortMenu.swift */ = {isa = PBXFileReference; lastKnownFileType = sourcecode.swift; path = SavedTripsSortMenu.swift; sourceTree = "<group>"; };
		548D3CFF2B12460300E9067F /* TripListView.swift */ = {isa = PBXFileReference; lastKnownFileType = sourcecode.swift; path = TripListView.swift; sourceTree = "<group>"; };
		548D3D012B124DAC00E9067F /* LoadingView.swift */ = {isa = PBXFileReference; lastKnownFileType = sourcecode.swift; path = LoadingView.swift; sourceTree = "<group>"; };
		54A2E9D42B52D34D00166062 /* UIDevice+Extension.swift */ = {isa = PBXFileReference; lastKnownFileType = sourcecode.swift; path = "UIDevice+Extension.swift"; sourceTree = "<group>"; };
		54A2E9D62B52D37200166062 /* Bundle+Extension.swift */ = {isa = PBXFileReference; lastKnownFileType = sourcecode.swift; path = "Bundle+Extension.swift"; sourceTree = "<group>"; };
		54A2E9D82B52D39F00166062 /* Date+Extension.swift */ = {isa = PBXFileReference; lastKnownFileType = sourcecode.swift; path = "Date+Extension.swift"; sourceTree = "<group>"; };
		54A2E9DD2B52DCC300166062 /* SupportEmail.swift */ = {isa = PBXFileReference; lastKnownFileType = sourcecode.swift; path = SupportEmail.swift; sourceTree = "<group>"; };
		54A2E9DF2B52DF6800166062 /* MailView.swift */ = {isa = PBXFileReference; lastKnownFileType = sourcecode.swift; path = MailView.swift; sourceTree = "<group>"; };
		54B0DF552B113421006263DF /* ViewModel.swift */ = {isa = PBXFileReference; lastKnownFileType = sourcecode.swift; path = ViewModel.swift; sourceTree = "<group>"; };
		54B5667C2B63474D00483C67 /* TrackedTripsView.swift */ = {isa = PBXFileReference; lastKnownFileType = sourcecode.swift; path = TrackedTripsView.swift; sourceTree = "<group>"; };
		54B617102B4C611D00657D6F /* TripSearchFilterRowView.swift */ = {isa = PBXFileReference; lastKnownFileType = sourcecode.swift; path = TripSearchFilterRowView.swift; sourceTree = "<group>"; };
		54B617142B4C7DAA00657D6F /* SearchButton.swift */ = {isa = PBXFileReference; lastKnownFileType = sourcecode.swift; path = SearchButton.swift; sourceTree = "<group>"; };
		54B617162B4C805A00657D6F /* DateAndLocationPickerView.swift */ = {isa = PBXFileReference; lastKnownFileType = sourcecode.swift; path = DateAndLocationPickerView.swift; sourceTree = "<group>"; };
		54E8EEDF2B5AB9720037A362 /* GetMeHome.entitlements */ = {isa = PBXFileReference; lastKnownFileType = text.plist.entitlements; path = GetMeHome.entitlements; sourceTree = "<group>"; };
/* End PBXFileReference section */

/* Begin PBXFrameworksBuildPhase section */
		547AB0082B0FE14400F7C539 /* Frameworks */ = {
			isa = PBXFrameworksBuildPhase;
			buildActionMask = 2147483647;
			files = (
				547DB74D2B50733000FF2F1C /* FirebaseAnalyticsSwift in Frameworks */,
				547DB7492B50733000FF2F1C /* FirebaseAnalytics in Frameworks */,
				547DB76C2B50779800FF2F1C /* GoogleSignInSwift in Frameworks */,
				547DB74B2B50733000FF2F1C /* FirebaseAnalyticsOnDeviceConversion in Frameworks */,
				547DB74F2B50733000FF2F1C /* FirebaseAnalyticsWithoutAdIdSupport in Frameworks */,
				547DB7552B50733000FF2F1C /* FirebaseAuth in Frameworks */,
				547DB76A2B50779800FF2F1C /* GoogleSignIn in Frameworks */,
			);
			runOnlyForDeploymentPostprocessing = 0;
		};
/* End PBXFrameworksBuildPhase section */

/* Begin PBXGroup section */
		540FF2EF2B55A598000372CD /* DataModel */ = {
			isa = PBXGroup;
			children = (
				540FF2F02B55A5A3000372CD /* SavedTripModel.xcdatamodeld */,
				540FF2F32B55A647000372CD /* DataController.swift */,
			);
			path = DataModel;
			sourceTree = "<group>";
		};
		5439287F2B10ED7C00C5E609 /* Views */ = {
			isa = PBXGroup;
			children = (
				548A42692B560A59001E2A77 /* SavedTripsFiltering */,
				546F4DE62B545B4F0091F0D4 /* Search Section */,
				543928822B10EDA400C5E609 /* TripRowView.swift */,
				548D3CFF2B12460300E9067F /* TripListView.swift */,
				548D3D012B124DAC00E9067F /* LoadingView.swift */,
				540581362B3F5EF60068B6F0 /* BusLabel.swift */,
				5410CA2D2B4EF2D400828BCB /* CustomSection.swift */,
				547DB77E2B50915200FF2F1C /* TabBarView.swift */,
				54A2E9DF2B52DF6800166062 /* MailView.swift */,
			);
			path = Views;
			sourceTree = "<group>";
		};
		543928802B10ED8600C5E609 /* Models */ = {
			isa = PBXGroup;
			children = (
				540FF2EF2B55A598000372CD /* DataModel */,
				543928842B10EDD200C5E609 /* Trip.swift */,
				540581342B3F54E90068B6F0 /* Discount Code.swift */,
				543928882B11199B00C5E609 /* MockData.swift */,
				54A2E9DD2B52DCC300166062 /* SupportEmail.swift */,
			);
			path = Models;
			sourceTree = "<group>";
		};
		543928812B10ED8D00C5E609 /* ViewModels */ = {
			isa = PBXGroup;
			children = (
				54B0DF552B113421006263DF /* ViewModel.swift */,
				544602D42BA5F576009B7CE3 /* PaymentsViewModel.swift */,
				547DB7702B507A9700FF2F1C /* AuthenticationViewModel.swift */,
				546F4DE92B5481AE0091F0D4 /* AnalyticsManager.swift */,
			);
			path = ViewModels;
			sourceTree = "<group>";
		};
		546F4DE62B545B4F0091F0D4 /* Search Section */ = {
			isa = PBXGroup;
			children = (
				54B617162B4C805A00657D6F /* DateAndLocationPickerView.swift */,
				54B617142B4C7DAA00657D6F /* SearchButton.swift */,
				54B617102B4C611D00657D6F /* TripSearchFilterRowView.swift */,
			);
			path = "Search Section";
			sourceTree = "<group>";
		};
		547AB0022B0FE14400F7C539 = {
			isa = PBXGroup;
			children = (
				547AB00D2B0FE14400F7C539 /* GetMeHome */,
				547AB00C2B0FE14400F7C539 /* Products */,
			);
			sourceTree = "<group>";
		};
		547AB00C2B0FE14400F7C539 /* Products */ = {
			isa = PBXGroup;
			children = (
				547AB00B2B0FE14400F7C539 /* GetMeHome.app */,
			);
			name = Products;
			sourceTree = "<group>";
		};
		547AB00D2B0FE14400F7C539 /* GetMeHome */ = {
			isa = PBXGroup;
			children = (
				54E8EEDF2B5AB9720037A362 /* GetMeHome.entitlements */,
				547DB76D2B50786600FF2F1C /* Info.plist */,
				547DB7662B50736B00FF2F1C /* GoogleService-Info.plist */,
				54B617132B4C7D7D00657D6F /* Screens */,
				543928812B10ED8D00C5E609 /* ViewModels */,
				543928802B10ED8600C5E609 /* Models */,
				5439287F2B10ED7C00C5E609 /* Views */,
				54A2E9DA2B52D44000166062 /* Utilities */,
				547AB00E2B0FE14400F7C539 /* GetMeHomeApp.swift */,
				547AB0122B0FE14500F7C539 /* Assets.xcassets */,
				547AB0142B0FE14500F7C539 /* Preview Content */,
			);
			path = GetMeHome;
			sourceTree = "<group>";
		};
		547AB0142B0FE14500F7C539 /* Preview Content */ = {
			isa = PBXGroup;
			children = (
				547AB0152B0FE14500F7C539 /* Preview Assets.xcassets */,
			);
			path = "Preview Content";
			sourceTree = "<group>";
		};
		547DB7722B5080FD00FF2F1C /* Auth */ = {
			isa = PBXGroup;
			children = (
				547DB76E2B5078E800FF2F1C /* LoginView.swift */,
				547DB7752B50821100FF2F1C /* AuthenticationView.swift */,
			);
			path = Auth;
			sourceTree = "<group>";
		};
		548A42692B560A59001E2A77 /* SavedTripsFiltering */ = {
			isa = PBXGroup;
			children = (
				548A42672B56005C001E2A77 /* FilteredSavedTripsList.swift */,
				548A426A2B560AB8001E2A77 /* SavedTripsSortMenu.swift */,
				543C592F2B56EED700636520 /* SavedTripRowView.swift */,
			);
			path = SavedTripsFiltering;
			sourceTree = "<group>";
		};
		54A2E9D32B52D33A00166062 /* Extensions */ = {
			isa = PBXGroup;
			children = (
				54A2E9D42B52D34D00166062 /* UIDevice+Extension.swift */,
				54A2E9D62B52D37200166062 /* Bundle+Extension.swift */,
				54A2E9D82B52D39F00166062 /* Date+Extension.swift */,
				5410BA492B537A58002C9000 /* Colors+Extension.swift */,
			);
			path = Extensions;
			sourceTree = "<group>";
		};
		54A2E9DA2B52D44000166062 /* Utilities */ = {
			isa = PBXGroup;
			children = (
				546F4DE42B54353D0091F0D4 /* OfflineTrips.json */,
				5410BA432B536588002C9000 /* DeviceModels.json */,
				54A2E9D32B52D33A00166062 /* Extensions */,
			);
			path = Utilities;
			sourceTree = "<group>";
		};
		54B617132B4C7D7D00657D6F /* Screens */ = {
			isa = PBXGroup;
			children = (
				547DB7722B5080FD00FF2F1C /* Auth */,
				547AB0102B0FE14400F7C539 /* ContentView.swift */,
				547DB77B2B508F3700FF2F1C /* ProfileView.swift */,
				543928862B1100B100C5E609 /* TripDetailView.swift */,
				547DB7802B50AE5B00FF2F1C /* MapViewDetailSheet.swift */,
				5410BA472B537803002C9000 /* SplashScreenView.swift */,
				540FF2F52B55AABC000372CD /* SavedTripsView.swift */,
				54B5667C2B63474D00483C67 /* TrackedTripsView.swift */,
			);
			path = Screens;
			sourceTree = "<group>";
		};
/* End PBXGroup section */

/* Begin PBXNativeTarget section */
		547AB00A2B0FE14400F7C539 /* GetMeHome */ = {
			isa = PBXNativeTarget;
			buildConfigurationList = 547AB0192B0FE14500F7C539 /* Build configuration list for PBXNativeTarget "GetMeHome" */;
			buildPhases = (
				547AB0072B0FE14400F7C539 /* Sources */,
				547AB0082B0FE14400F7C539 /* Frameworks */,
				547AB0092B0FE14400F7C539 /* Resources */,
			);
			buildRules = (
			);
			dependencies = (
			);
			name = GetMeHome;
			packageProductDependencies = (
				547DB7482B50733000FF2F1C /* FirebaseAnalytics */,
				547DB74A2B50733000FF2F1C /* FirebaseAnalyticsOnDeviceConversion */,
				547DB74C2B50733000FF2F1C /* FirebaseAnalyticsSwift */,
				547DB74E2B50733000FF2F1C /* FirebaseAnalyticsWithoutAdIdSupport */,
				547DB7542B50733000FF2F1C /* FirebaseAuth */,
				547DB7692B50779800FF2F1C /* GoogleSignIn */,
				547DB76B2B50779800FF2F1C /* GoogleSignInSwift */,
			);
			productName = GetMeHome;
			productReference = 547AB00B2B0FE14400F7C539 /* GetMeHome.app */;
			productType = "com.apple.product-type.application";
		};
/* End PBXNativeTarget section */

/* Begin PBXProject section */
		547AB0032B0FE14400F7C539 /* Project object */ = {
			isa = PBXProject;
			attributes = {
				BuildIndependentTargetsInParallel = 1;
				LastSwiftUpdateCheck = 1430;
				LastUpgradeCheck = 1430;
				TargetAttributes = {
					547AB00A2B0FE14400F7C539 = {
						CreatedOnToolsVersion = 14.3;
					};
				};
			};
			buildConfigurationList = 547AB0062B0FE14400F7C539 /* Build configuration list for PBXProject "GetMeHome" */;
			compatibilityVersion = "Xcode 14.0";
			developmentRegion = en;
			hasScannedForEncodings = 0;
			knownRegions = (
				en,
				Base,
			);
			mainGroup = 547AB0022B0FE14400F7C539;
			packageReferences = (
				547DB7472B50732F00FF2F1C /* XCRemoteSwiftPackageReference "firebase-ios-sdk" */,
				547DB7682B50779800FF2F1C /* XCRemoteSwiftPackageReference "GoogleSignIn-iOS" */,
			);
			productRefGroup = 547AB00C2B0FE14400F7C539 /* Products */;
			projectDirPath = "";
			projectRoot = "";
			targets = (
				547AB00A2B0FE14400F7C539 /* GetMeHome */,
			);
		};
/* End PBXProject section */

/* Begin PBXResourcesBuildPhase section */
		547AB0092B0FE14400F7C539 /* Resources */ = {
			isa = PBXResourcesBuildPhase;
			buildActionMask = 2147483647;
			files = (
				547AB0162B0FE14500F7C539 /* Preview Assets.xcassets in Resources */,
				547DB7672B50736B00FF2F1C /* GoogleService-Info.plist in Resources */,
				546F4DE52B54353D0091F0D4 /* OfflineTrips.json in Resources */,
				547AB0132B0FE14500F7C539 /* Assets.xcassets in Resources */,
				5410BA442B536588002C9000 /* DeviceModels.json in Resources */,
			);
			runOnlyForDeploymentPostprocessing = 0;
		};
/* End PBXResourcesBuildPhase section */

/* Begin PBXSourcesBuildPhase section */
		547AB0072B0FE14400F7C539 /* Sources */ = {
			isa = PBXSourcesBuildPhase;
			buildActionMask = 2147483647;
			files = (
				548D3D002B12460300E9067F /* TripListView.swift in Sources */,
				547DB7712B507A9700FF2F1C /* AuthenticationViewModel.swift in Sources */,
				543928872B1100B100C5E609 /* TripDetailView.swift in Sources */,
				54A2E9D52B52D34D00166062 /* UIDevice+Extension.swift in Sources */,
				543928892B11199B00C5E609 /* MockData.swift in Sources */,
				54A2E9D92B52D39F00166062 /* Date+Extension.swift in Sources */,
				54B617112B4C611D00657D6F /* TripSearchFilterRowView.swift in Sources */,
				543928852B10EDD200C5E609 /* Trip.swift in Sources */,
				543928832B10EDA400C5E609 /* TripRowView.swift in Sources */,
				540581352B3F54E90068B6F0 /* Discount Code.swift in Sources */,
				543C59302B56EED700636520 /* SavedTripRowView.swift in Sources */,
				54A2E9D72B52D37200166062 /* Bundle+Extension.swift in Sources */,
				546F4DEA2B5481AE0091F0D4 /* AnalyticsManager.swift in Sources */,
				54A2E9E02B52DF6800166062 /* MailView.swift in Sources */,
				5410CA2E2B4EF2D400828BCB /* CustomSection.swift in Sources */,
				54B617172B4C805A00657D6F /* DateAndLocationPickerView.swift in Sources */,
				540FF2F62B55AABC000372CD /* SavedTripsView.swift in Sources */,
				547AB0112B0FE14400F7C539 /* ContentView.swift in Sources */,
				5410BA4A2B537A58002C9000 /* Colors+Extension.swift in Sources */,
				547DB77F2B50915200FF2F1C /* TabBarView.swift in Sources */,
				548A42682B56005C001E2A77 /* FilteredSavedTripsList.swift in Sources */,
				547DB7812B50AE5B00FF2F1C /* MapViewDetailSheet.swift in Sources */,
				547AB00F2B0FE14400F7C539 /* GetMeHomeApp.swift in Sources */,
				547DB76F2B5078E800FF2F1C /* LoginView.swift in Sources */,
				548A426B2B560AB8001E2A77 /* SavedTripsSortMenu.swift in Sources */,
				54B0DF562B113421006263DF /* ViewModel.swift in Sources */,
				5410BA482B537803002C9000 /* SplashScreenView.swift in Sources */,
				547DB7762B50821100FF2F1C /* AuthenticationView.swift in Sources */,
				544602D52BA5F576009B7CE3 /* PaymentsViewModel.swift in Sources */,
				54B617152B4C7DAA00657D6F /* SearchButton.swift in Sources */,
				540FF2F42B55A647000372CD /* DataController.swift in Sources */,
				54A2E9DE2B52DCC300166062 /* SupportEmail.swift in Sources */,
				548D3D022B124DAC00E9067F /* LoadingView.swift in Sources */,
				54B5667D2B63474D00483C67 /* TrackedTripsView.swift in Sources */,
				547DB77C2B508F3700FF2F1C /* ProfileView.swift in Sources */,
				540FF2F22B55A5A3000372CD /* SavedTripModel.xcdatamodeld in Sources */,
				540581372B3F5EF60068B6F0 /* BusLabel.swift in Sources */,
			);
			runOnlyForDeploymentPostprocessing = 0;
		};
/* End PBXSourcesBuildPhase section */

/* Begin XCBuildConfiguration section */
		547AB0172B0FE14500F7C539 /* Debug */ = {
			isa = XCBuildConfiguration;
			buildSettings = {
				ALWAYS_SEARCH_USER_PATHS = NO;
				CLANG_ANALYZER_NONNULL = YES;
				CLANG_ANALYZER_NUMBER_OBJECT_CONVERSION = YES_AGGRESSIVE;
				CLANG_CXX_LANGUAGE_STANDARD = "gnu++20";
				CLANG_ENABLE_MODULES = YES;
				CLANG_ENABLE_OBJC_ARC = YES;
				CLANG_ENABLE_OBJC_WEAK = YES;
				CLANG_WARN_BLOCK_CAPTURE_AUTORELEASING = YES;
				CLANG_WARN_BOOL_CONVERSION = YES;
				CLANG_WARN_COMMA = YES;
				CLANG_WARN_CONSTANT_CONVERSION = YES;
				CLANG_WARN_DEPRECATED_OBJC_IMPLEMENTATIONS = YES;
				CLANG_WARN_DIRECT_OBJC_ISA_USAGE = YES_ERROR;
				CLANG_WARN_DOCUMENTATION_COMMENTS = YES;
				CLANG_WARN_EMPTY_BODY = YES;
				CLANG_WARN_ENUM_CONVERSION = YES;
				CLANG_WARN_INFINITE_RECURSION = YES;
				CLANG_WARN_INT_CONVERSION = YES;
				CLANG_WARN_NON_LITERAL_NULL_CONVERSION = YES;
				CLANG_WARN_OBJC_IMPLICIT_RETAIN_SELF = YES;
				CLANG_WARN_OBJC_LITERAL_CONVERSION = YES;
				CLANG_WARN_OBJC_ROOT_CLASS = YES_ERROR;
				CLANG_WARN_QUOTED_INCLUDE_IN_FRAMEWORK_HEADER = YES;
				CLANG_WARN_RANGE_LOOP_ANALYSIS = YES;
				CLANG_WARN_STRICT_PROTOTYPES = YES;
				CLANG_WARN_SUSPICIOUS_MOVE = YES;
				CLANG_WARN_UNGUARDED_AVAILABILITY = YES_AGGRESSIVE;
				CLANG_WARN_UNREACHABLE_CODE = YES;
				CLANG_WARN__DUPLICATE_METHOD_MATCH = YES;
				COPY_PHASE_STRIP = NO;
				DEBUG_INFORMATION_FORMAT = dwarf;
				ENABLE_STRICT_OBJC_MSGSEND = YES;
				ENABLE_TESTABILITY = YES;
				GCC_C_LANGUAGE_STANDARD = gnu11;
				GCC_DYNAMIC_NO_PIC = NO;
				GCC_NO_COMMON_BLOCKS = YES;
				GCC_OPTIMIZATION_LEVEL = 0;
				GCC_PREPROCESSOR_DEFINITIONS = (
					"DEBUG=1",
					"$(inherited)",
				);
				GCC_WARN_64_TO_32_BIT_CONVERSION = YES;
				GCC_WARN_ABOUT_RETURN_TYPE = YES_ERROR;
				GCC_WARN_UNDECLARED_SELECTOR = YES;
				GCC_WARN_UNINITIALIZED_AUTOS = YES_AGGRESSIVE;
				GCC_WARN_UNUSED_FUNCTION = YES;
				GCC_WARN_UNUSED_VARIABLE = YES;
				IPHONEOS_DEPLOYMENT_TARGET = 17.0;
				MTL_ENABLE_DEBUG_INFO = INCLUDE_SOURCE;
				MTL_FAST_MATH = YES;
				ONLY_ACTIVE_ARCH = YES;
				SDKROOT = iphoneos;
				SWIFT_ACTIVE_COMPILATION_CONDITIONS = DEBUG;
				SWIFT_OPTIMIZATION_LEVEL = "-Onone";
			};
			name = Debug;
		};
		547AB0182B0FE14500F7C539 /* Release */ = {
			isa = XCBuildConfiguration;
			buildSettings = {
				ALWAYS_SEARCH_USER_PATHS = NO;
				CLANG_ANALYZER_NONNULL = YES;
				CLANG_ANALYZER_NUMBER_OBJECT_CONVERSION = YES_AGGRESSIVE;
				CLANG_CXX_LANGUAGE_STANDARD = "gnu++20";
				CLANG_ENABLE_MODULES = YES;
				CLANG_ENABLE_OBJC_ARC = YES;
				CLANG_ENABLE_OBJC_WEAK = YES;
				CLANG_WARN_BLOCK_CAPTURE_AUTORELEASING = YES;
				CLANG_WARN_BOOL_CONVERSION = YES;
				CLANG_WARN_COMMA = YES;
				CLANG_WARN_CONSTANT_CONVERSION = YES;
				CLANG_WARN_DEPRECATED_OBJC_IMPLEMENTATIONS = YES;
				CLANG_WARN_DIRECT_OBJC_ISA_USAGE = YES_ERROR;
				CLANG_WARN_DOCUMENTATION_COMMENTS = YES;
				CLANG_WARN_EMPTY_BODY = YES;
				CLANG_WARN_ENUM_CONVERSION = YES;
				CLANG_WARN_INFINITE_RECURSION = YES;
				CLANG_WARN_INT_CONVERSION = YES;
				CLANG_WARN_NON_LITERAL_NULL_CONVERSION = YES;
				CLANG_WARN_OBJC_IMPLICIT_RETAIN_SELF = YES;
				CLANG_WARN_OBJC_LITERAL_CONVERSION = YES;
				CLANG_WARN_OBJC_ROOT_CLASS = YES_ERROR;
				CLANG_WARN_QUOTED_INCLUDE_IN_FRAMEWORK_HEADER = YES;
				CLANG_WARN_RANGE_LOOP_ANALYSIS = YES;
				CLANG_WARN_STRICT_PROTOTYPES = YES;
				CLANG_WARN_SUSPICIOUS_MOVE = YES;
				CLANG_WARN_UNGUARDED_AVAILABILITY = YES_AGGRESSIVE;
				CLANG_WARN_UNREACHABLE_CODE = YES;
				CLANG_WARN__DUPLICATE_METHOD_MATCH = YES;
				COPY_PHASE_STRIP = NO;
				DEBUG_INFORMATION_FORMAT = "dwarf-with-dsym";
				ENABLE_NS_ASSERTIONS = NO;
				ENABLE_STRICT_OBJC_MSGSEND = YES;
				GCC_C_LANGUAGE_STANDARD = gnu11;
				GCC_NO_COMMON_BLOCKS = YES;
				GCC_WARN_64_TO_32_BIT_CONVERSION = YES;
				GCC_WARN_ABOUT_RETURN_TYPE = YES_ERROR;
				GCC_WARN_UNDECLARED_SELECTOR = YES;
				GCC_WARN_UNINITIALIZED_AUTOS = YES_AGGRESSIVE;
				GCC_WARN_UNUSED_FUNCTION = YES;
				GCC_WARN_UNUSED_VARIABLE = YES;
				IPHONEOS_DEPLOYMENT_TARGET = 17.0;
				MTL_ENABLE_DEBUG_INFO = NO;
				MTL_FAST_MATH = YES;
				SDKROOT = iphoneos;
				SWIFT_COMPILATION_MODE = wholemodule;
				SWIFT_OPTIMIZATION_LEVEL = "-O";
				VALIDATE_PRODUCT = YES;
			};
			name = Release;
		};
		547AB01A2B0FE14500F7C539 /* Debug */ = {
			isa = XCBuildConfiguration;
			buildSettings = {
				ASSETCATALOG_COMPILER_APPICON_NAME = AppIcon;
				ASSETCATALOG_COMPILER_GLOBAL_ACCENT_COLOR_NAME = AccentColor;
				CODE_SIGN_ENTITLEMENTS = GetMeHome/GetMeHome.entitlements;
				CODE_SIGN_STYLE = Automatic;
				CURRENT_PROJECT_VERSION = 1;
				DEVELOPMENT_ASSET_PATHS = "\"GetMeHome/Preview Content\"";
				DEVELOPMENT_TEAM = Y72HF9FX59;
				ENABLE_PREVIEWS = YES;
				GENERATE_INFOPLIST_FILE = YES;
				INFOPLIST_FILE = GetMeHome/Info.plist;
				INFOPLIST_KEY_CFBundleDisplayName = GetMeHome;
				INFOPLIST_KEY_LSApplicationCategoryType = "public.app-category.travel";
				INFOPLIST_KEY_UIApplicationSceneManifest_Generation = YES;
				INFOPLIST_KEY_UIApplicationSupportsIndirectInputEvents = YES;
				INFOPLIST_KEY_UILaunchScreen_Generation = YES;
				INFOPLIST_KEY_UISupportedInterfaceOrientations = UIInterfaceOrientationPortrait;
				INFOPLIST_KEY_UISupportedInterfaceOrientations_iPad = "UIInterfaceOrientationLandscapeLeft UIInterfaceOrientationLandscapeRight UIInterfaceOrientationPortrait UIInterfaceOrientationPortraitUpsideDown";
				IPHONEOS_DEPLOYMENT_TARGET = 17.0;
				LD_RUNPATH_SEARCH_PATHS = (
					"$(inherited)",
					"@executable_path/Frameworks",
				);
				MARKETING_VERSION = 1.5;
				PRODUCT_BUNDLE_IDENTIFIER = com.ronaldjabouin.GetMeHome;
				PRODUCT_NAME = "$(TARGET_NAME)";
				SUPPORTED_PLATFORMS = "iphoneos iphonesimulator";
				SUPPORTS_MACCATALYST = NO;
				SUPPORTS_MAC_DESIGNED_FOR_IPHONE_IPAD = NO;
				SWIFT_EMIT_LOC_STRINGS = YES;
				SWIFT_VERSION = 5.0;
				TARGETED_DEVICE_FAMILY = 1;
			};
			name = Debug;
		};
		547AB01B2B0FE14500F7C539 /* Release */ = {
			isa = XCBuildConfiguration;
			buildSettings = {
				ASSETCATALOG_COMPILER_APPICON_NAME = AppIcon;
				ASSETCATALOG_COMPILER_GLOBAL_ACCENT_COLOR_NAME = AccentColor;
				CODE_SIGN_ENTITLEMENTS = GetMeHome/GetMeHome.entitlements;
				CODE_SIGN_STYLE = Automatic;
				CURRENT_PROJECT_VERSION = 1;
				DEVELOPMENT_ASSET_PATHS = "\"GetMeHome/Preview Content\"";
				DEVELOPMENT_TEAM = Y72HF9FX59;
				ENABLE_PREVIEWS = YES;
				GENERATE_INFOPLIST_FILE = YES;
				INFOPLIST_FILE = GetMeHome/Info.plist;
				INFOPLIST_KEY_CFBundleDisplayName = GetMeHome;
				INFOPLIST_KEY_LSApplicationCategoryType = "public.app-category.travel";
				INFOPLIST_KEY_UIApplicationSceneManifest_Generation = YES;
				INFOPLIST_KEY_UIApplicationSupportsIndirectInputEvents = YES;
				INFOPLIST_KEY_UILaunchScreen_Generation = YES;
				INFOPLIST_KEY_UISupportedInterfaceOrientations = UIInterfaceOrientationPortrait;
				INFOPLIST_KEY_UISupportedInterfaceOrientations_iPad = "UIInterfaceOrientationLandscapeLeft UIInterfaceOrientationLandscapeRight UIInterfaceOrientationPortrait UIInterfaceOrientationPortraitUpsideDown";
				IPHONEOS_DEPLOYMENT_TARGET = 17.0;
				LD_RUNPATH_SEARCH_PATHS = (
					"$(inherited)",
					"@executable_path/Frameworks",
				);
				MARKETING_VERSION = 1.5;
				PRODUCT_BUNDLE_IDENTIFIER = com.ronaldjabouin.GetMeHome;
				PRODUCT_NAME = "$(TARGET_NAME)";
				SUPPORTED_PLATFORMS = "iphoneos iphonesimulator";
				SUPPORTS_MACCATALYST = NO;
				SUPPORTS_MAC_DESIGNED_FOR_IPHONE_IPAD = NO;
				SWIFT_EMIT_LOC_STRINGS = YES;
				SWIFT_VERSION = 5.0;
				TARGETED_DEVICE_FAMILY = 1;
			};
			name = Release;
		};
/* End XCBuildConfiguration section */

/* Begin XCConfigurationList section */
		547AB0062B0FE14400F7C539 /* Build configuration list for PBXProject "GetMeHome" */ = {
			isa = XCConfigurationList;
			buildConfigurations = (
				547AB0172B0FE14500F7C539 /* Debug */,
				547AB0182B0FE14500F7C539 /* Release */,
			);
			defaultConfigurationIsVisible = 0;
			defaultConfigurationName = Release;
		};
		547AB0192B0FE14500F7C539 /* Build configuration list for PBXNativeTarget "GetMeHome" */ = {
			isa = XCConfigurationList;
			buildConfigurations = (
				547AB01A2B0FE14500F7C539 /* Debug */,
				547AB01B2B0FE14500F7C539 /* Release */,
			);
			defaultConfigurationIsVisible = 0;
			defaultConfigurationName = Release;
		};
/* End XCConfigurationList section */

/* Begin XCRemoteSwiftPackageReference section */
		547DB7472B50732F00FF2F1C /* XCRemoteSwiftPackageReference "firebase-ios-sdk" */ = {
			isa = XCRemoteSwiftPackageReference;
			repositoryURL = "https://github.com/firebase/firebase-ios-sdk.git";
			requirement = {
				kind = upToNextMajorVersion;
				minimumVersion = 10.19.1;
			};
		};
		547DB7682B50779800FF2F1C /* XCRemoteSwiftPackageReference "GoogleSignIn-iOS" */ = {
			isa = XCRemoteSwiftPackageReference;
			repositoryURL = "https://github.com/google/GoogleSignIn-iOS";
			requirement = {
				kind = upToNextMajorVersion;
				minimumVersion = 7.0.0;
			};
		};
/* End XCRemoteSwiftPackageReference section */

/* Begin XCSwiftPackageProductDependency section */
		547DB7482B50733000FF2F1C /* FirebaseAnalytics */ = {
			isa = XCSwiftPackageProductDependency;
			package = 547DB7472B50732F00FF2F1C /* XCRemoteSwiftPackageReference "firebase-ios-sdk" */;
			productName = FirebaseAnalytics;
		};
		547DB74A2B50733000FF2F1C /* FirebaseAnalyticsOnDeviceConversion */ = {
			isa = XCSwiftPackageProductDependency;
			package = 547DB7472B50732F00FF2F1C /* XCRemoteSwiftPackageReference "firebase-ios-sdk" */;
			productName = FirebaseAnalyticsOnDeviceConversion;
		};
		547DB74C2B50733000FF2F1C /* FirebaseAnalyticsSwift */ = {
			isa = XCSwiftPackageProductDependency;
			package = 547DB7472B50732F00FF2F1C /* XCRemoteSwiftPackageReference "firebase-ios-sdk" */;
			productName = FirebaseAnalyticsSwift;
		};
		547DB74E2B50733000FF2F1C /* FirebaseAnalyticsWithoutAdIdSupport */ = {
			isa = XCSwiftPackageProductDependency;
			package = 547DB7472B50732F00FF2F1C /* XCRemoteSwiftPackageReference "firebase-ios-sdk" */;
			productName = FirebaseAnalyticsWithoutAdIdSupport;
		};
		547DB7542B50733000FF2F1C /* FirebaseAuth */ = {
			isa = XCSwiftPackageProductDependency;
			package = 547DB7472B50732F00FF2F1C /* XCRemoteSwiftPackageReference "firebase-ios-sdk" */;
			productName = FirebaseAuth;
		};
		547DB7692B50779800FF2F1C /* GoogleSignIn */ = {
			isa = XCSwiftPackageProductDependency;
			package = 547DB7682B50779800FF2F1C /* XCRemoteSwiftPackageReference "GoogleSignIn-iOS" */;
			productName = GoogleSignIn;
		};
		547DB76B2B50779800FF2F1C /* GoogleSignInSwift */ = {
			isa = XCSwiftPackageProductDependency;
			package = 547DB7682B50779800FF2F1C /* XCRemoteSwiftPackageReference "GoogleSignIn-iOS" */;
			productName = GoogleSignInSwift;
		};
/* End XCSwiftPackageProductDependency section */

/* Begin XCVersionGroup section */
		540FF2F02B55A5A3000372CD /* SavedTripModel.xcdatamodeld */ = {
			isa = XCVersionGroup;
			children = (
				540FF2F12B55A5A3000372CD /* SavedTripModel.xcdatamodel */,
			);
			currentVersion = 540FF2F12B55A5A3000372CD /* SavedTripModel.xcdatamodel */;
			path = SavedTripModel.xcdatamodeld;
			sourceTree = "<group>";
			versionGroupType = wrapper.xcdatamodel;
		};
/* End XCVersionGroup section */
	};
	rootObject = 547AB0032B0FE14400F7C539 /* Project object */;
}
